// !$*UTF8*$!
{
	archiveVersion = 1;
	classes = {
	};
	objectVersion = 46;
	objects = {

/* Begin PBXBuildFile section */
		130E21E817351B7F002BAE3A /* SystemConfiguration.framework in Frameworks */ = {isa = PBXBuildFile; fileRef = 130E21E717351B7F002BAE3A /* SystemConfiguration.framework */; };
		130E21EA17351B84002BAE3A /* MobileCoreServices.framework in Frameworks */ = {isa = PBXBuildFile; fileRef = 130E21E917351B84002BAE3A /* MobileCoreServices.framework */; };
		131D974B1734F5B1001D7567 /* UIKit.framework in Frameworks */ = {isa = PBXBuildFile; fileRef = 131D974A1734F5B1001D7567 /* UIKit.framework */; };
		131D974D1734F5B1001D7567 /* Foundation.framework in Frameworks */ = {isa = PBXBuildFile; fileRef = 131D974C1734F5B1001D7567 /* Foundation.framework */; };
		131D974F1734F5B1001D7567 /* CoreGraphics.framework in Frameworks */ = {isa = PBXBuildFile; fileRef = 131D974E1734F5B1001D7567 /* CoreGraphics.framework */; };
		131D97551734F5B1001D7567 /* InfoPlist.strings in Resources */ = {isa = PBXBuildFile; fileRef = 131D97531734F5B1001D7567 /* InfoPlist.strings */; };
		131D97571734F5B1001D7567 /* main.m in Sources */ = {isa = PBXBuildFile; fileRef = 131D97561734F5B1001D7567 /* main.m */; };
		131D975B1734F5B1001D7567 /* AppDelegate.m in Sources */ = {isa = PBXBuildFile; fileRef = 131D975A1734F5B1001D7567 /* AppDelegate.m */; };
		131D975D1734F5B1001D7567 /* Default.png in Resources */ = {isa = PBXBuildFile; fileRef = 131D975C1734F5B1001D7567 /* Default.png */; };
		131D975F1734F5B2001D7567 /* Default@2x.png in Resources */ = {isa = PBXBuildFile; fileRef = 131D975E1734F5B2001D7567 /* Default@2x.png */; };
		131D97611734F5B2001D7567 /* Default-568h@2x.png in Resources */ = {isa = PBXBuildFile; fileRef = 131D97601734F5B2001D7567 /* Default-568h@2x.png */; };
		131D97641734F5B2001D7567 /* MainStoryboard_iPhone.storyboard in Resources */ = {isa = PBXBuildFile; fileRef = 131D97621734F5B2001D7567 /* MainStoryboard_iPhone.storyboard */; };
		131D976A1734F5B2001D7567 /* ViewController.m in Sources */ = {isa = PBXBuildFile; fileRef = 131D97691734F5B2001D7567 /* ViewController.m */; };
		131D978F1734F98D001D7567 /* MovesAPI.m in Sources */ = {isa = PBXBuildFile; fileRef = 131D978E1734F98D001D7567 /* MovesAPI.m */; };
		137473BB1750D5E100D4E22F /* AFHTTPClient.m in Sources */ = {isa = PBXBuildFile; fileRef = 137473A91750D5E100D4E22F /* AFHTTPClient.m */; };
		137473BC1750D5E100D4E22F /* AFHTTPRequestOperation.m in Sources */ = {isa = PBXBuildFile; fileRef = 137473AB1750D5E100D4E22F /* AFHTTPRequestOperation.m */; };
		137473BD1750D5E100D4E22F /* AFImageRequestOperation.m in Sources */ = {isa = PBXBuildFile; fileRef = 137473AD1750D5E100D4E22F /* AFImageRequestOperation.m */; };
		137473BE1750D5E100D4E22F /* AFJSONRequestOperation.m in Sources */ = {isa = PBXBuildFile; fileRef = 137473AF1750D5E100D4E22F /* AFJSONRequestOperation.m */; };
		137473BF1750D5E100D4E22F /* AFNetworkActivityIndicatorManager.m in Sources */ = {isa = PBXBuildFile; fileRef = 137473B11750D5E100D4E22F /* AFNetworkActivityIndicatorManager.m */; };
		137473C01750D5E100D4E22F /* AFPropertyListRequestOperation.m in Sources */ = {isa = PBXBuildFile; fileRef = 137473B41750D5E100D4E22F /* AFPropertyListRequestOperation.m */; };
		137473C11750D5E100D4E22F /* AFURLConnectionOperation.m in Sources */ = {isa = PBXBuildFile; fileRef = 137473B61750D5E100D4E22F /* AFURLConnectionOperation.m */; };
		137473C21750D5E100D4E22F /* AFXMLRequestOperation.m in Sources */ = {isa = PBXBuildFile; fileRef = 137473B81750D5E100D4E22F /* AFXMLRequestOperation.m */; };
		137473C31750D5E100D4E22F /* UIImageView+AFNetworking.m in Sources */ = {isa = PBXBuildFile; fileRef = 137473BA1750D5E100D4E22F /* UIImageView+AFNetworking.m */; };
		137473C71750D5F500D4E22F /* mongoose.c in Sources */ = {isa = PBXBuildFile; fileRef = 137473C51750D5F500D4E22F /* mongoose.c */; };
		137473C91750DC4600D4E22F /* libpthread.dylib in Frameworks */ = {isa = PBXBuildFile; fileRef = 137473C81750DC4600D4E22F /* libpthread.dylib */; };
/* End PBXBuildFile section */

/* Begin PBXFileReference section */
		130E21E717351B7F002BAE3A /* SystemConfiguration.framework */ = {isa = PBXFileReference; lastKnownFileType = wrapper.framework; name = SystemConfiguration.framework; path = System/Library/Frameworks/SystemConfiguration.framework; sourceTree = SDKROOT; };
		130E21E917351B84002BAE3A /* MobileCoreServices.framework */ = {isa = PBXFileReference; lastKnownFileType = wrapper.framework; name = MobileCoreServices.framework; path = System/Library/Frameworks/MobileCoreServices.framework; sourceTree = SDKROOT; };
		131D97471734F5B1001D7567 /* MovesBridge.app */ = {isa = PBXFileReference; explicitFileType = wrapper.application; includeInIndex = 0; path = MovesBridge.app; sourceTree = BUILT_PRODUCTS_DIR; };
		131D974A1734F5B1001D7567 /* UIKit.framework */ = {isa = PBXFileReference; lastKnownFileType = wrapper.framework; name = UIKit.framework; path = System/Library/Frameworks/UIKit.framework; sourceTree = SDKROOT; };
		131D974C1734F5B1001D7567 /* Foundation.framework */ = {isa = PBXFileReference; lastKnownFileType = wrapper.framework; name = Foundation.framework; path = System/Library/Frameworks/Foundation.framework; sourceTree = SDKROOT; };
		131D974E1734F5B1001D7567 /* CoreGraphics.framework */ = {isa = PBXFileReference; lastKnownFileType = wrapper.framework; name = CoreGraphics.framework; path = System/Library/Frameworks/CoreGraphics.framework; sourceTree = SDKROOT; };
		131D97521734F5B1001D7567 /* MovesBridge-Info.plist */ = {isa = PBXFileReference; lastKnownFileType = text.plist.xml; path = "MovesBridge-Info.plist"; sourceTree = "<group>"; };
		131D97541734F5B1001D7567 /* en */ = {isa = PBXFileReference; lastKnownFileType = text.plist.strings; name = en; path = en.lproj/InfoPlist.strings; sourceTree = "<group>"; };
		131D97561734F5B1001D7567 /* main.m */ = {isa = PBXFileReference; lastKnownFileType = sourcecode.c.objc; path = main.m; sourceTree = "<group>"; };
		131D97581734F5B1001D7567 /* MovesBridge-Prefix.pch */ = {isa = PBXFileReference; lastKnownFileType = sourcecode.c.h; path = "MovesBridge-Prefix.pch"; sourceTree = "<group>"; };
		131D97591734F5B1001D7567 /* AppDelegate.h */ = {isa = PBXFileReference; lastKnownFileType = sourcecode.c.h; path = AppDelegate.h; sourceTree = "<group>"; };
		131D975A1734F5B1001D7567 /* AppDelegate.m */ = {isa = PBXFileReference; lastKnownFileType = sourcecode.c.objc; path = AppDelegate.m; sourceTree = "<group>"; };
		131D975C1734F5B1001D7567 /* Default.png */ = {isa = PBXFileReference; lastKnownFileType = image.png; path = Default.png; sourceTree = "<group>"; };
		131D975E1734F5B2001D7567 /* Default@2x.png */ = {isa = PBXFileReference; lastKnownFileType = image.png; path = "Default@2x.png"; sourceTree = "<group>"; };
		131D97601734F5B2001D7567 /* Default-568h@2x.png */ = {isa = PBXFileReference; lastKnownFileType = image.png; path = "Default-568h@2x.png"; sourceTree = "<group>"; };
		131D97631734F5B2001D7567 /* en */ = {isa = PBXFileReference; lastKnownFileType = file.storyboard; name = en; path = en.lproj/MainStoryboard_iPhone.storyboard; sourceTree = "<group>"; };
		131D97681734F5B2001D7567 /* ViewController.h */ = {isa = PBXFileReference; lastKnownFileType = sourcecode.c.h; path = ViewController.h; sourceTree = "<group>"; };
		131D97691734F5B2001D7567 /* ViewController.m */ = {isa = PBXFileReference; lastKnownFileType = sourcecode.c.objc; path = ViewController.m; sourceTree = "<group>"; };
		131D978D1734F98D001D7567 /* MovesAPI.h */ = {isa = PBXFileReference; fileEncoding = 4; lastKnownFileType = sourcecode.c.h; path = MovesAPI.h; sourceTree = "<group>"; };
		131D978E1734F98D001D7567 /* MovesAPI.m */ = {isa = PBXFileReference; fileEncoding = 4; lastKnownFileType = sourcecode.c.objc; path = MovesAPI.m; sourceTree = "<group>"; };
		137473A81750D5E100D4E22F /* AFHTTPClient.h */ = {isa = PBXFileReference; fileEncoding = 4; lastKnownFileType = sourcecode.c.h; name = AFHTTPClient.h; path = AFNetworking/AFNetworking/AFHTTPClient.h; sourceTree = "<group>"; };
		137473A91750D5E100D4E22F /* AFHTTPClient.m */ = {isa = PBXFileReference; fileEncoding = 4; lastKnownFileType = sourcecode.c.objc; name = AFHTTPClient.m; path = AFNetworking/AFNetworking/AFHTTPClient.m; sourceTree = "<group>"; };
		137473AA1750D5E100D4E22F /* AFHTTPRequestOperation.h */ = {isa = PBXFileReference; fileEncoding = 4; lastKnownFileType = sourcecode.c.h; name = AFHTTPRequestOperation.h; path = AFNetworking/AFNetworking/AFHTTPRequestOperation.h; sourceTree = "<group>"; };
		137473AB1750D5E100D4E22F /* AFHTTPRequestOperation.m */ = {isa = PBXFileReference; fileEncoding = 4; lastKnownFileType = sourcecode.c.objc; name = AFHTTPRequestOperation.m; path = AFNetworking/AFNetworking/AFHTTPRequestOperation.m; sourceTree = "<group>"; };
		137473AC1750D5E100D4E22F /* AFImageRequestOperation.h */ = {isa = PBXFileReference; fileEncoding = 4; lastKnownFileType = sourcecode.c.h; name = AFImageRequestOperation.h; path = AFNetworking/AFNetworking/AFImageRequestOperation.h; sourceTree = "<group>"; };
		137473AD1750D5E100D4E22F /* AFImageRequestOperation.m */ = {isa = PBXFileReference; fileEncoding = 4; lastKnownFileType = sourcecode.c.objc; name = AFImageRequestOperation.m; path = AFNetworking/AFNetworking/AFImageRequestOperation.m; sourceTree = "<group>"; };
		137473AE1750D5E100D4E22F /* AFJSONRequestOperation.h */ = {isa = PBXFileReference; fileEncoding = 4; lastKnownFileType = sourcecode.c.h; name = AFJSONRequestOperation.h; path = AFNetworking/AFNetworking/AFJSONRequestOperation.h; sourceTree = "<group>"; };
		137473AF1750D5E100D4E22F /* AFJSONRequestOperation.m */ = {isa = PBXFileReference; fileEncoding = 4; lastKnownFileType = sourcecode.c.objc; name = AFJSONRequestOperation.m; path = AFNetworking/AFNetworking/AFJSONRequestOperation.m; sourceTree = "<group>"; };
		137473B01750D5E100D4E22F /* AFNetworkActivityIndicatorManager.h */ = {isa = PBXFileReference; fileEncoding = 4; lastKnownFileType = sourcecode.c.h; name = AFNetworkActivityIndicatorManager.h; path = AFNetworking/AFNetworking/AFNetworkActivityIndicatorManager.h; sourceTree = "<group>"; };
		137473B11750D5E100D4E22F /* AFNetworkActivityIndicatorManager.m */ = {isa = PBXFileReference; fileEncoding = 4; lastKnownFileType = sourcecode.c.objc; name = AFNetworkActivityIndicatorManager.m; path = AFNetworking/AFNetworking/AFNetworkActivityIndicatorManager.m; sourceTree = "<group>"; };
		137473B21750D5E100D4E22F /* AFNetworking.h */ = {isa = PBXFileReference; fileEncoding = 4; lastKnownFileType = sourcecode.c.h; name = AFNetworking.h; path = AFNetworking/AFNetworking/AFNetworking.h; sourceTree = "<group>"; };
		137473B31750D5E100D4E22F /* AFPropertyListRequestOperation.h */ = {isa = PBXFileReference; fileEncoding = 4; lastKnownFileType = sourcecode.c.h; name = AFPropertyListRequestOperation.h; path = AFNetworking/AFNetworking/AFPropertyListRequestOperation.h; sourceTree = "<group>"; };
		137473B41750D5E100D4E22F /* AFPropertyListRequestOperation.m */ = {isa = PBXFileReference; fileEncoding = 4; lastKnownFileType = sourcecode.c.objc; name = AFPropertyListRequestOperation.m; path = AFNetworking/AFNetworking/AFPropertyListRequestOperation.m; sourceTree = "<group>"; };
		137473B51750D5E100D4E22F /* AFURLConnectionOperation.h */ = {isa = PBXFileReference; fileEncoding = 4; lastKnownFileType = sourcecode.c.h; name = AFURLConnectionOperation.h; path = AFNetworking/AFNetworking/AFURLConnectionOperation.h; sourceTree = "<group>"; };
		137473B61750D5E100D4E22F /* AFURLConnectionOperation.m */ = {isa = PBXFileReference; fileEncoding = 4; lastKnownFileType = sourcecode.c.objc; name = AFURLConnectionOperation.m; path = AFNetworking/AFNetworking/AFURLConnectionOperation.m; sourceTree = "<group>"; };
		137473B71750D5E100D4E22F /* AFXMLRequestOperation.h */ = {isa = PBXFileReference; fileEncoding = 4; lastKnownFileType = sourcecode.c.h; name = AFXMLRequestOperation.h; path = AFNetworking/AFNetworking/AFXMLRequestOperation.h; sourceTree = "<group>"; };
		137473B81750D5E100D4E22F /* AFXMLRequestOperation.m */ = {isa = PBXFileReference; fileEncoding = 4; lastKnownFileType = sourcecode.c.objc; name = AFXMLRequestOperation.m; path = AFNetworking/AFNetworking/AFXMLRequestOperation.m; sourceTree = "<group>"; };
		137473B91750D5E100D4E22F /* UIImageView+AFNetworking.h */ = {isa = PBXFileReference; fileEncoding = 4; lastKnownFileType = sourcecode.c.h; name = "UIImageView+AFNetworking.h"; path = "AFNetworking/AFNetworking/UIImageView+AFNetworking.h"; sourceTree = "<group>"; };
		137473BA1750D5E100D4E22F /* UIImageView+AFNetworking.m */ = {isa = PBXFileReference; fileEncoding = 4; lastKnownFileType = sourcecode.c.objc; name = "UIImageView+AFNetworking.m"; path = "AFNetworking/AFNetworking/UIImageView+AFNetworking.m"; sourceTree = "<group>"; };
		137473C51750D5F500D4E22F /* mongoose.c */ = {isa = PBXFileReference; fileEncoding = 4; lastKnownFileType = sourcecode.c.c; name = mongoose.c; path = mongoose/mongoose.c; sourceTree = "<group>"; };
		137473C61750D5F500D4E22F /* mongoose.h */ = {isa = PBXFileReference; fileEncoding = 4; lastKnownFileType = sourcecode.c.h; name = mongoose.h; path = mongoose/mongoose.h; sourceTree = "<group>"; };
		137473C81750DC4600D4E22F /* libpthread.dylib */ = {isa = PBXFileReference; lastKnownFileType = "compiled.mach-o.dylib"; name = libpthread.dylib; path = usr/lib/libpthread.dylib; sourceTree = SDKROOT; };
/* End PBXFileReference section */

/* Begin PBXFrameworksBuildPhase section */
		131D97441734F5B1001D7567 /* Frameworks */ = {
			isa = PBXFrameworksBuildPhase;
			buildActionMask = 2147483647;
			files = (
				137473C91750DC4600D4E22F /* libpthread.dylib in Frameworks */,
				130E21EA17351B84002BAE3A /* MobileCoreServices.framework in Frameworks */,
				130E21E817351B7F002BAE3A /* SystemConfiguration.framework in Frameworks */,
				131D974B1734F5B1001D7567 /* UIKit.framework in Frameworks */,
				131D974D1734F5B1001D7567 /* Foundation.framework in Frameworks */,
				131D974F1734F5B1001D7567 /* CoreGraphics.framework in Frameworks */,
			);
			runOnlyForDeploymentPostprocessing = 0;
		};
/* End PBXFrameworksBuildPhase section */

/* Begin PBXGroup section */
		131D973E1734F5B1001D7567 = {
			isa = PBXGroup;
			children = (
				137473C41750D5E600D4E22F /* Mongoose */,
				131D97701734F87D001D7567 /* AFNetworking */,
				131D97501734F5B1001D7567 /* Classes */,
				131D97491734F5B1001D7567 /* Frameworks */,
				131D97481734F5B1001D7567 /* Products */,
			);
			sourceTree = "<group>";
		};
		131D97481734F5B1001D7567 /* Products */ = {
			isa = PBXGroup;
			children = (
				131D97471734F5B1001D7567 /* MovesBridge.app */,
			);
			name = Products;
			sourceTree = "<group>";
		};
		131D97491734F5B1001D7567 /* Frameworks */ = {
			isa = PBXGroup;
			children = (
				137473C81750DC4600D4E22F /* libpthread.dylib */,
				130E21E917351B84002BAE3A /* MobileCoreServices.framework */,
				130E21E717351B7F002BAE3A /* SystemConfiguration.framework */,
				131D974A1734F5B1001D7567 /* UIKit.framework */,
				131D974C1734F5B1001D7567 /* Foundation.framework */,
				131D974E1734F5B1001D7567 /* CoreGraphics.framework */,
			);
			name = Frameworks;
			sourceTree = "<group>";
		};
		131D97501734F5B1001D7567 /* Classes */ = {
			isa = PBXGroup;
			children = (
				131D97591734F5B1001D7567 /* AppDelegate.h */,
				131D975A1734F5B1001D7567 /* AppDelegate.m */,
				131D97621734F5B2001D7567 /* MainStoryboard_iPhone.storyboard */,
				131D97681734F5B2001D7567 /* ViewController.h */,
				131D97691734F5B2001D7567 /* ViewController.m */,
				131D97511734F5B1001D7567 /* Supporting Files */,
				131D978D1734F98D001D7567 /* MovesAPI.h */,
				131D978E1734F98D001D7567 /* MovesAPI.m */,
			);
			name = Classes;
			path = MovesBridge;
			sourceTree = "<group>";
		};
		131D97511734F5B1001D7567 /* Supporting Files */ = {
			isa = PBXGroup;
			children = (
				131D97521734F5B1001D7567 /* MovesBridge-Info.plist */,
				131D97531734F5B1001D7567 /* InfoPlist.strings */,
				131D97561734F5B1001D7567 /* main.m */,
				131D97581734F5B1001D7567 /* MovesBridge-Prefix.pch */,
				131D975C1734F5B1001D7567 /* Default.png */,
				131D975E1734F5B2001D7567 /* Default@2x.png */,
				131D97601734F5B2001D7567 /* Default-568h@2x.png */,
			);
			name = "Supporting Files";
			sourceTree = "<group>";
		};
		131D97701734F87D001D7567 /* AFNetworking */ = {
			isa = PBXGroup;
			children = (
				137473A81750D5E100D4E22F /* AFHTTPClient.h */,
				137473A91750D5E100D4E22F /* AFHTTPClient.m */,
				137473AA1750D5E100D4E22F /* AFHTTPRequestOperation.h */,
				137473AB1750D5E100D4E22F /* AFHTTPRequestOperation.m */,
				137473AC1750D5E100D4E22F /* AFImageRequestOperation.h */,
				137473AD1750D5E100D4E22F /* AFImageRequestOperation.m */,
				137473AE1750D5E100D4E22F /* AFJSONRequestOperation.h */,
				137473AF1750D5E100D4E22F /* AFJSONRequestOperation.m */,
				137473B01750D5E100D4E22F /* AFNetworkActivityIndicatorManager.h */,
				137473B11750D5E100D4E22F /* AFNetworkActivityIndicatorManager.m */,
				137473B21750D5E100D4E22F /* AFNetworking.h */,
				137473B31750D5E100D4E22F /* AFPropertyListRequestOperation.h */,
				137473B41750D5E100D4E22F /* AFPropertyListRequestOperation.m */,
				137473B51750D5E100D4E22F /* AFURLConnectionOperation.h */,
				137473B61750D5E100D4E22F /* AFURLConnectionOperation.m */,
				137473B71750D5E100D4E22F /* AFXMLRequestOperation.h */,
				137473B81750D5E100D4E22F /* AFXMLRequestOperation.m */,
				137473B91750D5E100D4E22F /* UIImageView+AFNetworking.h */,
				137473BA1750D5E100D4E22F /* UIImageView+AFNetworking.m */,
			);
			name = AFNetworking;
			sourceTree = "<group>";
		};
		137473C41750D5E600D4E22F /* Mongoose */ = {
			isa = PBXGroup;
			children = (
				137473C51750D5F500D4E22F /* mongoose.c */,
				137473C61750D5F500D4E22F /* mongoose.h */,
			);
			name = Mongoose;
			sourceTree = "<group>";
		};
/* End PBXGroup section */

/* Begin PBXNativeTarget section */
		131D97461734F5B1001D7567 /* MovesBridge */ = {
			isa = PBXNativeTarget;
			buildConfigurationList = 131D976D1734F5B2001D7567 /* Build configuration list for PBXNativeTarget "MovesBridge" */;
			buildPhases = (
				131D97431734F5B1001D7567 /* Sources */,
				131D97441734F5B1001D7567 /* Frameworks */,
				131D97451734F5B1001D7567 /* Resources */,
			);
			buildRules = (
			);
			dependencies = (
			);
			name = MovesBridge;
			productName = MovesBridge;
			productReference = 131D97471734F5B1001D7567 /* MovesBridge.app */;
			productType = "com.apple.product-type.application";
		};
/* End PBXNativeTarget section */

/* Begin PBXProject section */
		131D973F1734F5B1001D7567 /* Project object */ = {
			isa = PBXProject;
			attributes = {
				LastUpgradeCheck = 0460;
				ORGANIZATIONNAME = "Mikko Harju";
			};
			buildConfigurationList = 131D97421734F5B1001D7567 /* Build configuration list for PBXProject "MovesBridge" */;
			compatibilityVersion = "Xcode 3.2";
			developmentRegion = English;
			hasScannedForEncodings = 0;
			knownRegions = (
				en,
			);
			mainGroup = 131D973E1734F5B1001D7567;
			productRefGroup = 131D97481734F5B1001D7567 /* Products */;
			projectDirPath = "";
			projectRoot = "";
			targets = (
				131D97461734F5B1001D7567 /* MovesBridge */,
			);
		};
/* End PBXProject section */

/* Begin PBXResourcesBuildPhase section */
		131D97451734F5B1001D7567 /* Resources */ = {
			isa = PBXResourcesBuildPhase;
			buildActionMask = 2147483647;
			files = (
				131D97551734F5B1001D7567 /* InfoPlist.strings in Resources */,
				131D975D1734F5B1001D7567 /* Default.png in Resources */,
				131D975F1734F5B2001D7567 /* Default@2x.png in Resources */,
				131D97611734F5B2001D7567 /* Default-568h@2x.png in Resources */,
				131D97641734F5B2001D7567 /* MainStoryboard_iPhone.storyboard in Resources */,
			);
			runOnlyForDeploymentPostprocessing = 0;
		};
/* End PBXResourcesBuildPhase section */

/* Begin PBXSourcesBuildPhase section */
		131D97431734F5B1001D7567 /* Sources */ = {
			isa = PBXSourcesBuildPhase;
			buildActionMask = 2147483647;
			files = (
				131D97571734F5B1001D7567 /* main.m in Sources */,
				131D975B1734F5B1001D7567 /* AppDelegate.m in Sources */,
				131D976A1734F5B2001D7567 /* ViewController.m in Sources */,
				131D978F1734F98D001D7567 /* MovesAPI.m in Sources */,
				137473BB1750D5E100D4E22F /* AFHTTPClient.m in Sources */,
				137473BC1750D5E100D4E22F /* AFHTTPRequestOperation.m in Sources */,
				137473BD1750D5E100D4E22F /* AFImageRequestOperation.m in Sources */,
				137473BE1750D5E100D4E22F /* AFJSONRequestOperation.m in Sources */,
				137473BF1750D5E100D4E22F /* AFNetworkActivityIndicatorManager.m in Sources */,
				137473C01750D5E100D4E22F /* AFPropertyListRequestOperation.m in Sources */,
				137473C11750D5E100D4E22F /* AFURLConnectionOperation.m in Sources */,
				137473C21750D5E100D4E22F /* AFXMLRequestOperation.m in Sources */,
				137473C31750D5E100D4E22F /* UIImageView+AFNetworking.m in Sources */,
				137473C71750D5F500D4E22F /* mongoose.c in Sources */,
			);
			runOnlyForDeploymentPostprocessing = 0;
		};
/* End PBXSourcesBuildPhase section */

/* Begin PBXVariantGroup section */
		131D97531734F5B1001D7567 /* InfoPlist.strings */ = {
			isa = PBXVariantGroup;
			children = (
				131D97541734F5B1001D7567 /* en */,
			);
			name = InfoPlist.strings;
			sourceTree = "<group>";
		};
		131D97621734F5B2001D7567 /* MainStoryboard_iPhone.storyboard */ = {
			isa = PBXVariantGroup;
			children = (
				131D97631734F5B2001D7567 /* en */,
			);
			name = MainStoryboard_iPhone.storyboard;
			sourceTree = "<group>";
		};
/* End PBXVariantGroup section */

/* Begin XCBuildConfiguration section */
		131D976B1734F5B2001D7567 /* Debug */ = {
			isa = XCBuildConfiguration;
			buildSettings = {
				ALWAYS_SEARCH_USER_PATHS = NO;
				CLANG_CXX_LANGUAGE_STANDARD = "gnu++0x";
				CLANG_CXX_LIBRARY = "libc++";
				CLANG_ENABLE_OBJC_ARC = YES;
				CLANG_WARN_CONSTANT_CONVERSION = YES;
				CLANG_WARN_EMPTY_BODY = YES;
				CLANG_WARN_ENUM_CONVERSION = YES;
				CLANG_WARN_INT_CONVERSION = YES;
				CLANG_WARN__DUPLICATE_METHOD_MATCH = YES;
				"CODE_SIGN_IDENTITY[sdk=iphoneos*]" = "iPhone Developer";
				COPY_PHASE_STRIP = NO;
				GCC_C_LANGUAGE_STANDARD = gnu99;
				GCC_DYNAMIC_NO_PIC = NO;
				GCC_OPTIMIZATION_LEVEL = 0;
				GCC_PREPROCESSOR_DEFINITIONS = (
					"DEBUG=1",
					"$(inherited)",
				);
				GCC_SYMBOLS_PRIVATE_EXTERN = NO;
				GCC_WARN_ABOUT_RETURN_TYPE = YES;
				GCC_WARN_UNINITIALIZED_AUTOS = YES;
				GCC_WARN_UNUSED_VARIABLE = YES;
				IPHONEOS_DEPLOYMENT_TARGET = 6.1;
				ONLY_ACTIVE_ARCH = YES;
				SDKROOT = iphoneos;
				TARGETED_DEVICE_FAMILY = "1,2";
			};
			name = Debug;
		};
		131D976C1734F5B2001D7567 /* Release */ = {
			isa = XCBuildConfiguration;
			buildSettings = {
				ALWAYS_SEARCH_USER_PATHS = NO;
				CLANG_CXX_LANGUAGE_STANDARD = "gnu++0x";
				CLANG_CXX_LIBRARY = "libc++";
				CLANG_ENABLE_OBJC_ARC = YES;
				CLANG_WARN_CONSTANT_CONVERSION = YES;
				CLANG_WARN_EMPTY_BODY = YES;
				CLANG_WARN_ENUM_CONVERSION = YES;
				CLANG_WARN_INT_CONVERSION = YES;
				CLANG_WARN__DUPLICATE_METHOD_MATCH = YES;
				"CODE_SIGN_IDENTITY[sdk=iphoneos*]" = "iPhone Developer";
				COPY_PHASE_STRIP = YES;
				GCC_C_LANGUAGE_STANDARD = gnu99;
				GCC_WARN_ABOUT_RETURN_TYPE = YES;
				GCC_WARN_UNINITIALIZED_AUTOS = YES;
				GCC_WARN_UNUSED_VARIABLE = YES;
				IPHONEOS_DEPLOYMENT_TARGET = 6.1;
				OTHER_CFLAGS = "-DNS_BLOCK_ASSERTIONS=1";
				SDKROOT = iphoneos;
				TARGETED_DEVICE_FAMILY = "1,2";
				VALIDATE_PRODUCT = YES;
			};
			name = Release;
		};
		131D976E1734F5B2001D7567 /* Debug */ = {
			isa = XCBuildConfiguration;
			buildSettings = {
				GCC_PRECOMPILE_PREFIX_HEADER = YES;
				GCC_PREFIX_HEADER = "MovesBridge/MovesBridge-Prefix.pch";
				INFOPLIST_FILE = "MovesBridge/MovesBridge-Info.plist";
				PRODUCT_NAME = MovesBridge;
				TARGETED_DEVICE_FAMILY = 1;
				WRAPPER_EXTENSION = app;
			};
			name = Debug;
		};
		131D976F1734F5B2001D7567 /* Release */ = {
			isa = XCBuildConfiguration;
			buildSettings = {
				GCC_PRECOMPILE_PREFIX_HEADER = YES;
				GCC_PREFIX_HEADER = "MovesBridge/MovesBridge-Prefix.pch";
				INFOPLIST_FILE = "MovesBridge/MovesBridge-Info.plist";
				PRODUCT_NAME = MovesBridge;
				TARGETED_DEVICE_FAMILY = 1;
				WRAPPER_EXTENSION = app;
			};
			name = Release;
		};
/* End XCBuildConfiguration section */

/* Begin XCConfigurationList section */
		131D97421734F5B1001D7567 /* Build configuration list for PBXProject "MovesBridge" */ = {
			isa = XCConfigurationList;
			buildConfigurations = (
				131D976B1734F5B2001D7567 /* Debug */,
				131D976C1734F5B2001D7567 /* Release */,
			);
			defaultConfigurationIsVisible = 0;
			defaultConfigurationName = Release;
		};
		131D976D1734F5B2001D7567 /* Build configuration list for PBXNativeTarget "MovesBridge" */ = {
			isa = XCConfigurationList;
			buildConfigurations = (
				131D976E1734F5B2001D7567 /* Debug */,
				131D976F1734F5B2001D7567 /* Release */,
			);
			defaultConfigurationIsVisible = 0;
			defaultConfigurationName = Release;
		};
/* End XCConfigurationList section */
	};
	rootObject = 131D973F1734F5B1001D7567 /* Project object */;
}
